<?xml version="1.0" encoding="utf-8"?>
<Project ToolsVersion="4.0" xmlns="http://schemas.microsoft.com/developer/msbuild/2003">
  <ItemGroup>
    <Filter Include="Source Files">
      <UniqueIdentifier>{4FC737F1-C7A5-4376-A066-2A32D752A2FF}</UniqueIdentifier>
      <Extensions>cpp;c;cc;cxx;c++;cppm;ixx;def;odl;idl;hpj;bat;asm;asmx</Extensions>
    </Filter>
    <Filter Include="Header Files">
      <UniqueIdentifier>{93995380-89BD-4b04-88EB-625FBE52EBFB}</UniqueIdentifier>
      <Extensions>h;hh;hpp;hxx;h++;hm;inl;inc;ipp;xsd</Extensions>
    </Filter>
    <Filter Include="Resource Files">
      <UniqueIdentifier>{67DA6AB6-F800-4c08-8B7A-83BB121AAD01}</UniqueIdentifier>
      <Extensions>rc;ico;cur;bmp;dlg;rc2;rct;bin;rgs;gif;jpg;jpeg;jpe;resx;tiff;tif;png;wav;mfcribbon-ms</Extensions>
    </Filter>
    <Filter Include="Dependencies">
      <UniqueIdentifier>{79012443-2f23-4707-b85d-9ad16149fa52}</UniqueIdentifier>
    </Filter>
    <Filter Include="Dependencies\imgui">
      <UniqueIdentifier>{eb66a029-c6fc-4815-a9e4-acaecefe9681}</UniqueIdentifier>
    </Filter>
    <Filter Include="Miscellaneous">
      <UniqueIdentifier>{1fdd5b5b-0d33-4a96-b881-83b69f8a266b}</UniqueIdentifier>
    </Filter>
    <Filter Include="Header Files\Collision">
      <UniqueIdentifier>{aa26d3c1-c60a-4288-8c6c-76e808d9c64b}</UniqueIdentifier>
    </Filter>
    <Filter Include="Header Files\Collision\Detection">
      <UniqueIdentifier>{3ef66232-c2e6-47a2-841e-4695bd425d92}</UniqueIdentifier>
    </Filter>
    <Filter Include="Header Files\Collision\Response">
      <UniqueIdentifier>{b5c2b209-4956-4708-ad95-241777c53d7c}</UniqueIdentifier>
    </Filter>
    <Filter Include="Header Files\Externals">
      <UniqueIdentifier>{e2bf5cdd-7fad-49ab-be2b-e707ea86373b}</UniqueIdentifier>
    </Filter>
    <Filter Include="Header Files\Externals\Pagliosa">
      <UniqueIdentifier>{13f79ecf-0d0a-41da-8ada-727a0cb73487}</UniqueIdentifier>
    </Filter>
    <Filter Include="Header Files\Externals\Devillers">
      <UniqueIdentifier>{779fbf76-9c1f-461e-aee5-1cd4450f6c91}</UniqueIdentifier>
    </Filter>
    <Filter Include="Source Files\Externals">
      <UniqueIdentifier>{15f08a97-71ea-43d6-9eec-ee83f200c15f}</UniqueIdentifier>
    </Filter>
    <Filter Include="Source Files\Externals\Devillers">
      <UniqueIdentifier>{5703d861-8c24-46d7-9709-adfae92c54ab}</UniqueIdentifier>
    </Filter>
    <Filter Include="Source Files\Externals\Pagliosa">
      <UniqueIdentifier>{3cb44f82-d8be-4bb8-bbf7-c90026222e1c}</UniqueIdentifier>
    </Filter>
  </ItemGroup>
  <ItemGroup>
    <ClInclude Include="include\custom_assert.hpp">
      <Filter>Header Files</Filter>
    </ClInclude>
    <ClInclude Include="include\window.hpp">
      <Filter>Header Files</Filter>
    </ClInclude>
    <ClInclude Include="include\camera.hpp">
      <Filter>Header Files</Filter>
    </ClInclude>
    <ClInclude Include="include\scene.hpp">
      <Filter>Header Files</Filter>
    </ClInclude>
    <ClInclude Include="include\object.hpp">
      <Filter>Header Files</Filter>
    </ClInclude>
    <ClInclude Include="include\shader_sources.hpp">
      <Filter>Header Files</Filter>
    </ClInclude>
    <ClInclude Include="include\triangle_mesh.hpp">
      <Filter>Header Files</Filter>
    </ClInclude>
    <ClInclude Include="include\gl_util.hpp">
      <Filter>Header Files</Filter>
    </ClInclude>
    <ClInclude Include="include\actor.hpp">
      <Filter>Header Files</Filter>
    </ClInclude>
    <ClInclude Include="include\transformable_object.hpp">
      <Filter>Header Files</Filter>
    </ClInclude>
    <ClInclude Include="include\material.hpp">
      <Filter>Header Files</Filter>
    </ClInclude>
    <ClInclude Include="include\light.hpp">
      <Filter>Header Files</Filter>
    </ClInclude>
    <ClInclude Include="include\log.hpp">
      <Filter>Header Files</Filter>
    </ClInclude>
    <ClInclude Include="include\ppm.hpp">
      <Filter>Header Files</Filter>
    </ClInclude>
    <ClInclude Include="include\aabb.hpp">
      <Filter>Header Files</Filter>
    </ClInclude>
    <ClInclude Include="include\boundable.hpp">
      <Filter>Header Files</Filter>
    </ClInclude>
    <ClInclude Include="include\rigid_body.hpp">
      <Filter>Header Files</Filter>
    </ClInclude>
    <ClInclude Include="include\dbvh.hpp">
      <Filter>Header Files</Filter>
    </ClInclude>
    <ClInclude Include="include\dbvt_broadphase.hpp">
      <Filter>Header Files\Collision\Detection</Filter>
    </ClInclude>
    <ClInclude Include="include\colliders.hpp">
      <Filter>Header Files\Collision\Detection</Filter>
    </ClInclude>
    <ClInclude Include="include\simulation_step.hpp">
      <Filter>Header Files\Collision\Response</Filter>
    </ClInclude>
    <ClInclude Include="include\collision_props.hpp">
      <Filter>Header Files\Collision\Detection</Filter>
    </ClInclude>
    <ClInclude Include="include\bvt_collision.hpp">
      <Filter>Header Files\Collision\Detection</Filter>
    </ClInclude>
    <ClInclude Include="include\TriangleMeshBVH.h">
      <Filter>Header Files\Externals\Pagliosa</Filter>
    </ClInclude>
    <ClInclude Include="include\BVH.h">
      <Filter>Header Files\Externals\Pagliosa</Filter>
    </ClInclude>
    <ClInclude Include="dependencies\DynamicTree.h">
      <Filter>Header Files\Externals\Pagliosa</Filter>
    </ClInclude>
    <ClInclude Include="include\triangle_intersection.hpp">
      <Filter>Header Files\Externals\Devillers</Filter>
    </ClInclude>
    <ClInclude Include="include\SharedObject.h">
      <Filter>Header Files\Externals\Pagliosa</Filter>
    </ClInclude>
  </ItemGroup>
  <ItemGroup>
    <ClCompile Include="src\main.cpp">
      <Filter>Source Files</Filter>
    </ClCompile>
    <ClCompile Include="src\object.cpp">
      <Filter>Source Files</Filter>
    </ClCompile>
    <ClCompile Include="src\transformable_object.cpp">
      <Filter>Source Files</Filter>
    </ClCompile>
    <ClCompile Include="src\camera.cpp">
      <Filter>Source Files</Filter>
    </ClCompile>
    <ClCompile Include="src\triangle_mesh.cpp">
      <Filter>Source Files</Filter>
    </ClCompile>
    <ClCompile Include="src\scene.cpp">
      <Filter>Source Files</Filter>
    </ClCompile>
    <ClCompile Include="src\window.cpp">
      <Filter>Source Files</Filter>
    </ClCompile>
    <ClCompile Include="src\actor.cpp">
      <Filter>Source Files</Filter>
    </ClCompile>
    <ClCompile Include="src\light.cpp">
      <Filter>Source Files</Filter>
    </ClCompile>
    <ClCompile Include="dependencies\imgui\imgui.cpp">
      <Filter>Dependencies\imgui</Filter>
    </ClCompile>
    <ClCompile Include="dependencies\imgui\imgui_demo.cpp">
      <Filter>Dependencies\imgui</Filter>
    </ClCompile>
    <ClCompile Include="dependencies\imgui\imgui_draw.cpp">
      <Filter>Dependencies\imgui</Filter>
    </ClCompile>
    <ClCompile Include="dependencies\imgui\imgui_tables.cpp">
      <Filter>Dependencies\imgui</Filter>
    </ClCompile>
    <ClCompile Include="dependencies\imgui\imgui_widgets.cpp">
      <Filter>Dependencies\imgui</Filter>
    </ClCompile>
    <ClCompile Include="dependencies\imgui\imgui_impl_glfw.cpp">
      <Filter>Dependencies\imgui</Filter>
    </ClCompile>
    <ClCompile Include="dependencies\imgui\imgui_impl_opengl3.cpp">
      <Filter>Dependencies\imgui</Filter>
    </ClCompile>
    <ClCompile Include="dependencies\glad\src\glad.c">
      <Filter>Dependencies</Filter>
    </ClCompile>
    <ClCompile Include="src\ppm.cpp">
      <Filter>Source Files</Filter>
    </ClCompile>
    <ClCompile Include="src\boundable.cpp">
      <Filter>Source Files</Filter>
    </ClCompile>
    <ClCompile Include="src\rigid_body.cpp">
      <Filter>Source Files</Filter>
    </ClCompile>
    <ClCompile Include="src\triangle_intersection.cpp">
      <Filter>Source Files\Externals\Devillers</Filter>
    </ClCompile>
    <ClCompile Include="src\TriangleMeshBVH.cpp">
      <Filter>Source Files\Externals\Pagliosa</Filter>
    </ClCompile>
    <ClCompile Include="src\BVH.cpp">
      <Filter>Source Files\Externals\Pagliosa</Filter>
    </ClCompile>
  </ItemGroup>
  <ItemGroup>
    <None Include="README.md">
      <Filter>Miscellaneous</Filter>
    </None>
  </ItemGroup>
</Project>